
Microsoft Visual Studio Solution File, Format Version 12.00
# Visual Studio 14
VisualStudioVersion = 14.0.25123.0
MinimumVisualStudioVersion = 10.0.40219.1
Project("{FAE04EC0-301F-11D3-BF4B-00C04F79EFBC}") = "ParallelTest", "ParallelTest.csproj", "{82B33784-AB49-4586-8D5F-3EED80301AAD}"
EndProject
Project("{FAE04EC0-301F-11D3-BF4B-00C04F79EFBC}") = "DivisorsParallel", "..\PrimeTestParallel\DivisorsParallel.csproj", "{848CC2D3-8942-4D7C-B0FB-6FC613838AA7}"
EndProject
Global
	GlobalSection(SolutionConfigurationPlatforms) = preSolution
		Debug|Any CPU = Debug|Any CPU
		Release|Any CPU = Release|Any CPU
	EndGlobalSection
	GlobalSection(ProjectConfigurationPlatforms) = postSolution
		{82B33784-AB49-4586-8D5F-3EED80301AAD}.Debug|Any CPU.ActiveCfg = Debug|Any CPU
		{82B33784-AB49-4586-8D5F-3EED80301AAD}.Debug|Any CPU.Build.0 = Debug|Any CPU
		{82B33784-AB49-4586-8D5F-3EED80301AAD}.Release|Any CPU.ActiveCfg = Release|Any CPU
		{82B33784-AB49-4586-8D5F-3EED80301AAD}.Release|Any CPU.Build.0 = Release|Any CPU
		{848CC2D3-8942-4D7C-B0FB-6FC613838AA7}.Debug|Any CPU.ActiveCfg = Debug|Any CPU
		{848CC2D3-8942-4D7C-B0FB-6FC613838AA7}.Debug|Any CPU.Build.0 = Debug|Any CPU
		{848CC2D3-8942-4D7C-B0FB-6FC613838AA7}.Release|Any CPU.ActiveCfg = Release|Any CPU
		{848CC2D3-8942-4D7C-B0FB-6FC613838AA7}.Release|Any CPU.Build.0 = Release|Any CPU
	EndGlobalSection
	GlobalSection(SolutionProperties) = preSolution
		HideSolutionNode = FALSE
	EndGlobalSection
EndGlobal
