
Microsoft Visual Studio Solution File, Format Version 12.00
# Visual Studio 14
VisualStudioVersion = 14.0.25123.0
MinimumVisualStudioVersion = 10.0.40219.1
Project("{FAE04EC0-301F-11D3-BF4B-00C04F79EFBC}") = "Tasks", "Tasks.csproj", "{9CB4FCB5-0DDA-4FF4-8EFA-0D6F55AC5441}"
EndProject
Project("{FAE04EC0-301F-11D3-BF4B-00C04F79EFBC}") = "PrimeTest", "..\PrimeTest\PrimeTest.csproj", "{0DA0F2DE-A68E-4446-A68C-BF5A361F98E2}"
EndProject
Project("{FAE04EC0-301F-11D3-BF4B-00C04F79EFBC}") = "RelayRace", "..\RelayRace\RelayRace.csproj", "{A36F85FF-C988-4CB2-9406-11847843FB66}"
EndProject
Project("{FAE04EC0-301F-11D3-BF4B-00C04F79EFBC}") = "CancellationTokenTest", "CancellationTokenTest\CancellationTokenTest.csproj", "{1FB119EC-261E-446C-A77C-0FB50D576864}"
EndProject
Global
	GlobalSection(SolutionConfigurationPlatforms) = preSolution
		Debug|Any CPU = Debug|Any CPU
		Release|Any CPU = Release|Any CPU
	EndGlobalSection
	GlobalSection(ProjectConfigurationPlatforms) = postSolution
		{9CB4FCB5-0DDA-4FF4-8EFA-0D6F55AC5441}.Debug|Any CPU.ActiveCfg = Debug|Any CPU
		{9CB4FCB5-0DDA-4FF4-8EFA-0D6F55AC5441}.Debug|Any CPU.Build.0 = Debug|Any CPU
		{9CB4FCB5-0DDA-4FF4-8EFA-0D6F55AC5441}.Release|Any CPU.ActiveCfg = Release|Any CPU
		{9CB4FCB5-0DDA-4FF4-8EFA-0D6F55AC5441}.Release|Any CPU.Build.0 = Release|Any CPU
		{0DA0F2DE-A68E-4446-A68C-BF5A361F98E2}.Debug|Any CPU.ActiveCfg = Debug|Any CPU
		{0DA0F2DE-A68E-4446-A68C-BF5A361F98E2}.Debug|Any CPU.Build.0 = Debug|Any CPU
		{0DA0F2DE-A68E-4446-A68C-BF5A361F98E2}.Release|Any CPU.ActiveCfg = Release|Any CPU
		{0DA0F2DE-A68E-4446-A68C-BF5A361F98E2}.Release|Any CPU.Build.0 = Release|Any CPU
		{A36F85FF-C988-4CB2-9406-11847843FB66}.Debug|Any CPU.ActiveCfg = Debug|Any CPU
		{A36F85FF-C988-4CB2-9406-11847843FB66}.Debug|Any CPU.Build.0 = Debug|Any CPU
		{A36F85FF-C988-4CB2-9406-11847843FB66}.Release|Any CPU.ActiveCfg = Release|Any CPU
		{A36F85FF-C988-4CB2-9406-11847843FB66}.Release|Any CPU.Build.0 = Release|Any CPU
		{1FB119EC-261E-446C-A77C-0FB50D576864}.Debug|Any CPU.ActiveCfg = Debug|Any CPU
		{1FB119EC-261E-446C-A77C-0FB50D576864}.Debug|Any CPU.Build.0 = Debug|Any CPU
		{1FB119EC-261E-446C-A77C-0FB50D576864}.Release|Any CPU.ActiveCfg = Release|Any CPU
		{1FB119EC-261E-446C-A77C-0FB50D576864}.Release|Any CPU.Build.0 = Release|Any CPU
	EndGlobalSection
	GlobalSection(SolutionProperties) = preSolution
		HideSolutionNode = FALSE
	EndGlobalSection
EndGlobal
