
Microsoft Visual Studio Solution File, Format Version 12.00
# Visual Studio 14
VisualStudioVersion = 14.0.25123.0
MinimumVisualStudioVersion = 10.0.40219.1
Project("{FAE04EC0-301F-11D3-BF4B-00C04F79EFBC}") = "ImageAnalyzer", "ImageAnalyzer\ImageAnalyzer.csproj", "{6E268CF9-B243-4EAC-9D3B-05A3CAC1F89B}"
EndProject
Global
	GlobalSection(SolutionConfigurationPlatforms) = preSolution
		Debug|Any CPU = Debug|Any CPU
		Release|Any CPU = Release|Any CPU
	EndGlobalSection
	GlobalSection(ProjectConfigurationPlatforms) = postSolution
		{6E268CF9-B243-4EAC-9D3B-05A3CAC1F89B}.Debug|Any CPU.ActiveCfg = Debug|Any CPU
		{6E268CF9-B243-4EAC-9D3B-05A3CAC1F89B}.Debug|Any CPU.Build.0 = Debug|Any CPU
		{6E268CF9-B243-4EAC-9D3B-05A3CAC1F89B}.Release|Any CPU.ActiveCfg = Release|Any CPU
		{6E268CF9-B243-4EAC-9D3B-05A3CAC1F89B}.Release|Any CPU.Build.0 = Release|Any CPU
	EndGlobalSection
	GlobalSection(SolutionProperties) = preSolution
		HideSolutionNode = FALSE
	EndGlobalSection
EndGlobal
